
Microsoft Visual Studio Solution File, Format Version 12.00
# Visual Studio Version 17
VisualStudioVersion = 17.5.002.0
MinimumVisualStudioVersion = 10.0.40219.1
Project("{9A19103F-16F7-4668-BE54-9A1E7A4F7556}") = "MVC_Cookie", "MVC_Cookie.csproj", "{54D94D87-AFC0-485E-9AA4-80644082131B}"
EndProject
Global
	GlobalSection(SolutionConfigurationPlatforms) = preSolution
		Debug|Any CPU = Debug|Any CPU
		Release|Any CPU = Release|Any CPU
	EndGlobalSection
	GlobalSection(ProjectConfigurationPlatforms) = postSolution
		{54D94D87-AFC0-485E-9AA4-80644082131B}.Debug|Any CPU.ActiveCfg = Debug|Any CPU
		{54D94D87-AFC0-485E-9AA4-80644082131B}.Debug|Any CPU.Build.0 = Debug|Any CPU
		{54D94D87-AFC0-485E-9AA4-80644082131B}.Release|Any CPU.ActiveCfg = Release|Any CPU
		{54D94D87-AFC0-485E-9AA4-80644082131B}.Release|Any CPU.Build.0 = Release|Any CPU
	EndGlobalSection
	GlobalSection(SolutionProperties) = preSolution
		HideSolutionNode = FALSE
	EndGlobalSection
	GlobalSection(ExtensibilityGlobals) = postSolution
		SolutionGuid = {D0EBBD38-5B9D-4A42-B340-1FB8E31F435C}
	EndGlobalSection
EndGlobal
